
Microsoft Visual Studio Solution File, Format Version 12.00
# Visual Studio 15
VisualStudioVersion = 15.0.28010.2016
MinimumVisualStudioVersion = 10.0.40219.1
Project("{8BC9CEB8-8B4A-11D0-8D11-00A0C91BC942}") = "28-STL-vector", "28-STL-vector\28-STL-vector.vcxproj", "{A2BD2F3B-24ED-4CA1-9BC3-C9674B7E08D0}"
EndProject
Global
	GlobalSection(SolutionConfigurationPlatforms) = preSolution
		Debug|x64 = Debug|x64
		Debug|x86 = Debug|x86
		Release|x64 = Release|x64
		Release|x86 = Release|x86
	EndGlobalSection
	GlobalSection(ProjectConfigurationPlatforms) = postSolution
		{A2BD2F3B-24ED-4CA1-9BC3-C9674B7E08D0}.Debug|x64.ActiveCfg = Debug|x64
		{A2BD2F3B-24ED-4CA1-9BC3-C9674B7E08D0}.Debug|x64.Build.0 = Debug|x64
		{A2BD2F3B-24ED-4CA1-9BC3-C9674B7E08D0}.Debug|x86.ActiveCfg = Debug|Win32
		{A2BD2F3B-24ED-4CA1-9BC3-C9674B7E08D0}.Debug|x86.Build.0 = Debug|Win32
		{A2BD2F3B-24ED-4CA1-9BC3-C9674B7E08D0}.Release|x64.ActiveCfg = Release|x64
		{A2BD2F3B-24ED-4CA1-9BC3-C9674B7E08D0}.Release|x64.Build.0 = Release|x64
		{A2BD2F3B-24ED-4CA1-9BC3-C9674B7E08D0}.Release|x86.ActiveCfg = Release|Win32
		{A2BD2F3B-24ED-4CA1-9BC3-C9674B7E08D0}.Release|x86.Build.0 = Release|Win32
	EndGlobalSection
	GlobalSection(SolutionProperties) = preSolution
		HideSolutionNode = FALSE
	EndGlobalSection
	GlobalSection(ExtensibilityGlobals) = postSolution
		SolutionGuid = {9A22BE48-024E-4FD4-A769-6C7C465DF5A4}
	EndGlobalSection
EndGlobal
