
Microsoft Visual Studio Solution File, Format Version 12.00
# Visual Studio 15
VisualStudioVersion = 15.0.28010.2016
MinimumVisualStudioVersion = 10.0.40219.1
Project("{8BC9CEB8-8B4A-11D0-8D11-00A0C91BC942}") = "29-STL-vector-repeat", "29-STL-vector-repeat\29-STL-vector-repeat.vcxproj", "{23D08FB8-1A6A-4955-90E7-376CFE0B66EB}"
EndProject
Global
	GlobalSection(SolutionConfigurationPlatforms) = preSolution
		Debug|x64 = Debug|x64
		Debug|x86 = Debug|x86
		Release|x64 = Release|x64
		Release|x86 = Release|x86
	EndGlobalSection
	GlobalSection(ProjectConfigurationPlatforms) = postSolution
		{23D08FB8-1A6A-4955-90E7-376CFE0B66EB}.Debug|x64.ActiveCfg = Debug|x64
		{23D08FB8-1A6A-4955-90E7-376CFE0B66EB}.Debug|x64.Build.0 = Debug|x64
		{23D08FB8-1A6A-4955-90E7-376CFE0B66EB}.Debug|x86.ActiveCfg = Debug|Win32
		{23D08FB8-1A6A-4955-90E7-376CFE0B66EB}.Debug|x86.Build.0 = Debug|Win32
		{23D08FB8-1A6A-4955-90E7-376CFE0B66EB}.Release|x64.ActiveCfg = Release|x64
		{23D08FB8-1A6A-4955-90E7-376CFE0B66EB}.Release|x64.Build.0 = Release|x64
		{23D08FB8-1A6A-4955-90E7-376CFE0B66EB}.Release|x86.ActiveCfg = Release|Win32
		{23D08FB8-1A6A-4955-90E7-376CFE0B66EB}.Release|x86.Build.0 = Release|Win32
	EndGlobalSection
	GlobalSection(SolutionProperties) = preSolution
		HideSolutionNode = FALSE
	EndGlobalSection
	GlobalSection(ExtensibilityGlobals) = postSolution
		SolutionGuid = {FF8554B3-39FC-4CA2-82F2-CB2CA2176E6B}
	EndGlobalSection
EndGlobal
