
Microsoft Visual Studio Solution File, Format Version 12.00
# Visual Studio 15
VisualStudioVersion = 15.0.28010.2016
MinimumVisualStudioVersion = 10.0.40219.1
Project("{8BC9CEB8-8B4A-11D0-8D11-00A0C91BC942}") = "30-STL-vector-insert", "30-STL-vector-insert\30-STL-vector-insert.vcxproj", "{E1F12102-E398-4C16-B1C2-909CAE6116F3}"
EndProject
Global
	GlobalSection(SolutionConfigurationPlatforms) = preSolution
		Debug|x64 = Debug|x64
		Debug|x86 = Debug|x86
		Release|x64 = Release|x64
		Release|x86 = Release|x86
	EndGlobalSection
	GlobalSection(ProjectConfigurationPlatforms) = postSolution
		{E1F12102-E398-4C16-B1C2-909CAE6116F3}.Debug|x64.ActiveCfg = Debug|x64
		{E1F12102-E398-4C16-B1C2-909CAE6116F3}.Debug|x64.Build.0 = Debug|x64
		{E1F12102-E398-4C16-B1C2-909CAE6116F3}.Debug|x86.ActiveCfg = Debug|Win32
		{E1F12102-E398-4C16-B1C2-909CAE6116F3}.Debug|x86.Build.0 = Debug|Win32
		{E1F12102-E398-4C16-B1C2-909CAE6116F3}.Release|x64.ActiveCfg = Release|x64
		{E1F12102-E398-4C16-B1C2-909CAE6116F3}.Release|x64.Build.0 = Release|x64
		{E1F12102-E398-4C16-B1C2-909CAE6116F3}.Release|x86.ActiveCfg = Release|Win32
		{E1F12102-E398-4C16-B1C2-909CAE6116F3}.Release|x86.Build.0 = Release|Win32
	EndGlobalSection
	GlobalSection(SolutionProperties) = preSolution
		HideSolutionNode = FALSE
	EndGlobalSection
	GlobalSection(ExtensibilityGlobals) = postSolution
		SolutionGuid = {43F0020F-24B5-4CB5-ACA3-9E6C17467639}
	EndGlobalSection
EndGlobal
